// !$*UTF8*$!
{
	archiveVersion = 1;
	classes = {
	};
	objectVersion = 56;
	objects = {

/* Begin PBXBuildFile section */
		A151B7BD29D3DE2000E4BC16 /* FinalProjApp.swift in Sources */ = {isa = PBXBuildFile; fileRef = A151B7BC29D3DE2000E4BC16 /* FinalProjApp.swift */; };
		A151B7BF29D3DE2000E4BC16 /* ContentView.swift in Sources */ = {isa = PBXBuildFile; fileRef = A151B7BE29D3DE2000E4BC16 /* ContentView.swift */; };
		A151B7C129D3DE2200E4BC16 /* Assets.xcassets in Resources */ = {isa = PBXBuildFile; fileRef = A151B7C029D3DE2200E4BC16 /* Assets.xcassets */; };
		A151B7C429D3DE2200E4BC16 /* Preview Assets.xcassets in Resources */ = {isa = PBXBuildFile; fileRef = A151B7C329D3DE2200E4BC16 /* Preview Assets.xcassets */; };
		A16C70F229D3E15400732474 /* LoginView.swift in Sources */ = {isa = PBXBuildFile; fileRef = A16C70F129D3E15400732474 /* LoginView.swift */; };
		A16C70F529D3EAB800732474 /* String.swift in Sources */ = {isa = PBXBuildFile; fileRef = A16C70F429D3EAB800732474 /* String.swift */; };
		A16C70F729D4AD3800732474 /* SignUpView.swift in Sources */ = {isa = PBXBuildFile; fileRef = A16C70F629D4AD3800732474 /* SignUpView.swift */; };
		A16C70F929D4B6EA00732474 /* AuthView.swift in Sources */ = {isa = PBXBuildFile; fileRef = A16C70F829D4B6EA00732474 /* AuthView.swift */; };
		A16C70FB29D53F8C00732474 /* GoogleService-Info-7.plist in Resources */ = {isa = PBXBuildFile; fileRef = A16C70FA29D53F8C00732474 /* GoogleService-Info-7.plist */; };
		A16C70FE29D5410100732474 /* FirebaseAuth in Frameworks */ = {isa = PBXBuildFile; productRef = A16C70FD29D5410100732474 /* FirebaseAuth */; };
		A16C710029D5410100732474 /* FirebaseFirestore in Frameworks */ = {isa = PBXBuildFile; productRef = A16C70FF29D5410100732474 /* FirebaseFirestore */; };
/* End PBXBuildFile section */

/* Begin PBXFileReference section */
		A151B7B929D3DE2000E4BC16 /* FinalProj.app */ = {isa = PBXFileReference; explicitFileType = wrapper.application; includeInIndex = 0; path = FinalProj.app; sourceTree = BUILT_PRODUCTS_DIR; };
		A151B7BC29D3DE2000E4BC16 /* FinalProjApp.swift */ = {isa = PBXFileReference; lastKnownFileType = sourcecode.swift; path = FinalProjApp.swift; sourceTree = "<group>"; };
		A151B7BE29D3DE2000E4BC16 /* ContentView.swift */ = {isa = PBXFileReference; lastKnownFileType = sourcecode.swift; path = ContentView.swift; sourceTree = "<group>"; };
		A151B7C029D3DE2200E4BC16 /* Assets.xcassets */ = {isa = PBXFileReference; lastKnownFileType = folder.assetcatalog; path = Assets.xcassets; sourceTree = "<group>"; };
		A151B7C329D3DE2200E4BC16 /* Preview Assets.xcassets */ = {isa = PBXFileReference; lastKnownFileType = folder.assetcatalog; path = "Preview Assets.xcassets"; sourceTree = "<group>"; };
		A16C70F129D3E15400732474 /* LoginView.swift */ = {isa = PBXFileReference; lastKnownFileType = sourcecode.swift; path = LoginView.swift; sourceTree = "<group>"; };
		A16C70F429D3EAB800732474 /* String.swift */ = {isa = PBXFileReference; lastKnownFileType = sourcecode.swift; path = String.swift; sourceTree = "<group>"; };
		A16C70F629D4AD3800732474 /* SignUpView.swift */ = {isa = PBXFileReference; lastKnownFileType = sourcecode.swift; path = SignUpView.swift; sourceTree = "<group>"; };
		A16C70F829D4B6EA00732474 /* AuthView.swift */ = {isa = PBXFileReference; lastKnownFileType = sourcecode.swift; path = AuthView.swift; sourceTree = "<group>"; };
		A16C70FA29D53F8C00732474 /* GoogleService-Info-7.plist */ = {isa = PBXFileReference; fileEncoding = 4; lastKnownFileType = text.plist.xml; path = "GoogleService-Info-7.plist"; sourceTree = "<group>"; };
/* End PBXFileReference section */

/* Begin PBXFrameworksBuildPhase section */
		A151B7B629D3DE2000E4BC16 /* Frameworks */ = {
			isa = PBXFrameworksBuildPhase;
			buildActionMask = 2147483647;
			files = (
				A16C70FE29D5410100732474 /* FirebaseAuth in Frameworks */,
				A16C710029D5410100732474 /* FirebaseFirestore in Frameworks */,
			);
			runOnlyForDeploymentPostprocessing = 0;
		};
/* End PBXFrameworksBuildPhase section */

/* Begin PBXGroup section */
		A151B7B029D3DE2000E4BC16 = {
			isa = PBXGroup;
			children = (
				A151B7BB29D3DE2000E4BC16 /* FinalProj */,
				A151B7BA29D3DE2000E4BC16 /* Products */,
			);
			sourceTree = "<group>";
		};
		A151B7BA29D3DE2000E4BC16 /* Products */ = {
			isa = PBXGroup;
			children = (
				A151B7B929D3DE2000E4BC16 /* FinalProj.app */,
			);
			name = Products;
			sourceTree = "<group>";
		};
		A151B7BB29D3DE2000E4BC16 /* FinalProj */ = {
			isa = PBXGroup;
			children = (
				A16C70FA29D53F8C00732474 /* GoogleService-Info-7.plist */,
				A16C70F329D3EA6E00732474 /* Extensions */,
				A16C70F029D3E0FF00732474 /* views */,
				A151B7BC29D3DE2000E4BC16 /* FinalProjApp.swift */,
				A151B7BE29D3DE2000E4BC16 /* ContentView.swift */,
				A151B7C029D3DE2200E4BC16 /* Assets.xcassets */,
				A151B7C229D3DE2200E4BC16 /* Preview Content */,
			);
			path = FinalProj;
			sourceTree = "<group>";
		};
		A151B7C229D3DE2200E4BC16 /* Preview Content */ = {
			isa = PBXGroup;
			children = (
				A151B7C329D3DE2200E4BC16 /* Preview Assets.xcassets */,
			);
			path = "Preview Content";
			sourceTree = "<group>";
		};
		A16C70F029D3E0FF00732474 /* views */ = {
			isa = PBXGroup;
			children = (
				A16C70F129D3E15400732474 /* LoginView.swift */,
				A16C70F629D4AD3800732474 /* SignUpView.swift */,
				A16C70F829D4B6EA00732474 /* AuthView.swift */,
			);
			path = views;
			sourceTree = "<group>";
		};
		A16C70F329D3EA6E00732474 /* Extensions */ = {
			isa = PBXGroup;
			children = (
				A16C70F429D3EAB800732474 /* String.swift */,
			);
			path = Extensions;
			sourceTree = "<group>";
		};
/* End PBXGroup section */

/* Begin PBXNativeTarget section */
		A151B7B829D3DE2000E4BC16 /* FinalProj */ = {
			isa = PBXNativeTarget;
			buildConfigurationList = A151B7C729D3DE2200E4BC16 /* Build configuration list for PBXNativeTarget "FinalProj" */;
			buildPhases = (
				A151B7B529D3DE2000E4BC16 /* Sources */,
				A151B7B629D3DE2000E4BC16 /* Frameworks */,
				A151B7B729D3DE2000E4BC16 /* Resources */,
			);
			buildRules = (
			);
			dependencies = (
			);
			name = FinalProj;
			packageProductDependencies = (
				A16C70FD29D5410100732474 /* FirebaseAuth */,
				A16C70FF29D5410100732474 /* FirebaseFirestore */,
			);
			productName = FinalProj;
			productReference = A151B7B929D3DE2000E4BC16 /* FinalProj.app */;
			productType = "com.apple.product-type.application";
		};
/* End PBXNativeTarget section */

/* Begin PBXProject section */
		A151B7B129D3DE2000E4BC16 /* Project object */ = {
			isa = PBXProject;
			attributes = {
				BuildIndependentTargetsInParallel = 1;
				LastSwiftUpdateCheck = 1420;
				LastUpgradeCheck = 1420;
				TargetAttributes = {
					A151B7B829D3DE2000E4BC16 = {
						CreatedOnToolsVersion = 14.2;
					};
				};
			};
			buildConfigurationList = A151B7B429D3DE2000E4BC16 /* Build configuration list for PBXProject "FinalProj" */;
			compatibilityVersion = "Xcode 14.0";
			developmentRegion = en;
			hasScannedForEncodings = 0;
			knownRegions = (
				en,
				Base,
			);
			mainGroup = A151B7B029D3DE2000E4BC16;
			packageReferences = (
				A16C70FC29D5410100732474 /* XCRemoteSwiftPackageReference "firebase-ios-sdk" */,
			);
			productRefGroup = A151B7BA29D3DE2000E4BC16 /* Products */;
			projectDirPath = "";
			projectRoot = "";
			targets = (
				A151B7B829D3DE2000E4BC16 /* FinalProj */,
			);
		};
/* End PBXProject section */

/* Begin PBXResourcesBuildPhase section */
		A151B7B729D3DE2000E4BC16 /* Resources */ = {
			isa = PBXResourcesBuildPhase;
			buildActionMask = 2147483647;
			files = (
				A151B7C429D3DE2200E4BC16 /* Preview Assets.xcassets in Resources */,
				A151B7C129D3DE2200E4BC16 /* Assets.xcassets in Resources */,
				A16C70FB29D53F8C00732474 /* GoogleService-Info-7.plist in Resources */,
			);
			runOnlyForDeploymentPostprocessing = 0;
		};
/* End PBXResourcesBuildPhase section */

/* Begin PBXSourcesBuildPhase section */
		A151B7B529D3DE2000E4BC16 /* Sources */ = {
			isa = PBXSourcesBuildPhase;
			buildActionMask = 2147483647;
			files = (
				A16C70F229D3E15400732474 /* LoginView.swift in Sources */,
				A16C70F729D4AD3800732474 /* SignUpView.swift in Sources */,
				A16C70F929D4B6EA00732474 /* AuthView.swift in Sources */,
				A151B7BF29D3DE2000E4BC16 /* ContentView.swift in Sources */,
				A16C70F529D3EAB800732474 /* String.swift in Sources */,
				A151B7BD29D3DE2000E4BC16 /* FinalProjApp.swift in Sources */,
			);
			runOnlyForDeploymentPostprocessing = 0;
		};
/* End PBXSourcesBuildPhase section */

/* Begin XCBuildConfiguration section */
		A151B7C529D3DE2200E4BC16 /* Debug */ = {
			isa = XCBuildConfiguration;
			buildSettings = {
				ALWAYS_SEARCH_USER_PATHS = NO;
				CLANG_ANALYZER_NONNULL = YES;
				CLANG_ANALYZER_NUMBER_OBJECT_CONVERSION = YES_AGGRESSIVE;
				CLANG_CXX_LANGUAGE_STANDARD = "gnu++20";
				CLANG_ENABLE_MODULES = YES;
				CLANG_ENABLE_OBJC_ARC = YES;
				CLANG_ENABLE_OBJC_WEAK = YES;
				CLANG_WARN_BLOCK_CAPTURE_AUTORELEASING = YES;
				CLANG_WARN_BOOL_CONVERSION = YES;
				CLANG_WARN_COMMA = YES;
				CLANG_WARN_CONSTANT_CONVERSION = YES;
				CLANG_WARN_DEPRECATED_OBJC_IMPLEMENTATIONS = YES;
				CLANG_WARN_DIRECT_OBJC_ISA_USAGE = YES_ERROR;
				CLANG_WARN_DOCUMENTATION_COMMENTS = YES;
				CLANG_WARN_EMPTY_BODY = YES;
				CLANG_WARN_ENUM_CONVERSION = YES;
				CLANG_WARN_INFINITE_RECURSION = YES;
				CLANG_WARN_INT_CONVERSION = YES;
				CLANG_WARN_NON_LITERAL_NULL_CONVERSION = YES;
				CLANG_WARN_OBJC_IMPLICIT_RETAIN_SELF = YES;
				CLANG_WARN_OBJC_LITERAL_CONVERSION = YES;
				CLANG_WARN_OBJC_ROOT_CLASS = YES_ERROR;
				CLANG_WARN_QUOTED_INCLUDE_IN_FRAMEWORK_HEADER = YES;
				CLANG_WARN_RANGE_LOOP_ANALYSIS = YES;
				CLANG_WARN_STRICT_PROTOTYPES = YES;
				CLANG_WARN_SUSPICIOUS_MOVE = YES;
				CLANG_WARN_UNGUARDED_AVAILABILITY = YES_AGGRESSIVE;
				CLANG_WARN_UNREACHABLE_CODE = YES;
				CLANG_WARN__DUPLICATE_METHOD_MATCH = YES;
				COPY_PHASE_STRIP = NO;
				DEBUG_INFORMATION_FORMAT = dwarf;
				ENABLE_STRICT_OBJC_MSGSEND = YES;
				ENABLE_TESTABILITY = YES;
				GCC_C_LANGUAGE_STANDARD = gnu11;
				GCC_DYNAMIC_NO_PIC = NO;
				GCC_NO_COMMON_BLOCKS = YES;
				GCC_OPTIMIZATION_LEVEL = 0;
				GCC_PREPROCESSOR_DEFINITIONS = (
					"DEBUG=1",
					"$(inherited)",
				);
				GCC_WARN_64_TO_32_BIT_CONVERSION = YES;
				GCC_WARN_ABOUT_RETURN_TYPE = YES_ERROR;
				GCC_WARN_UNDECLARED_SELECTOR = YES;
				GCC_WARN_UNINITIALIZED_AUTOS = YES_AGGRESSIVE;
				GCC_WARN_UNUSED_FUNCTION = YES;
				GCC_WARN_UNUSED_VARIABLE = YES;
				IPHONEOS_DEPLOYMENT_TARGET = 16.2;
				MTL_ENABLE_DEBUG_INFO = INCLUDE_SOURCE;
				MTL_FAST_MATH = YES;
				ONLY_ACTIVE_ARCH = YES;
				SDKROOT = iphoneos;
				SWIFT_ACTIVE_COMPILATION_CONDITIONS = DEBUG;
				SWIFT_OPTIMIZATION_LEVEL = "-Onone";
			};
			name = Debug;
		};
		A151B7C629D3DE2200E4BC16 /* Release */ = {
			isa = XCBuildConfiguration;
			buildSettings = {
				ALWAYS_SEARCH_USER_PATHS = NO;
				CLANG_ANALYZER_NONNULL = YES;
				CLANG_ANALYZER_NUMBER_OBJECT_CONVERSION = YES_AGGRESSIVE;
				CLANG_CXX_LANGUAGE_STANDARD = "gnu++20";
				CLANG_ENABLE_MODULES = YES;
				CLANG_ENABLE_OBJC_ARC = YES;
				CLANG_ENABLE_OBJC_WEAK = YES;
				CLANG_WARN_BLOCK_CAPTURE_AUTORELEASING = YES;
				CLANG_WARN_BOOL_CONVERSION = YES;
				CLANG_WARN_COMMA = YES;
				CLANG_WARN_CONSTANT_CONVERSION = YES;
				CLANG_WARN_DEPRECATED_OBJC_IMPLEMENTATIONS = YES;
				CLANG_WARN_DIRECT_OBJC_ISA_USAGE = YES_ERROR;
				CLANG_WARN_DOCUMENTATION_COMMENTS = YES;
				CLANG_WARN_EMPTY_BODY = YES;
				CLANG_WARN_ENUM_CONVERSION = YES;
				CLANG_WARN_INFINITE_RECURSION = YES;
				CLANG_WARN_INT_CONVERSION = YES;
				CLANG_WARN_NON_LITERAL_NULL_CONVERSION = YES;
				CLANG_WARN_OBJC_IMPLICIT_RETAIN_SELF = YES;
				CLANG_WARN_OBJC_LITERAL_CONVERSION = YES;
				CLANG_WARN_OBJC_ROOT_CLASS = YES_ERROR;
				CLANG_WARN_QUOTED_INCLUDE_IN_FRAMEWORK_HEADER = YES;
				CLANG_WARN_RANGE_LOOP_ANALYSIS = YES;
				CLANG_WARN_STRICT_PROTOTYPES = YES;
				CLANG_WARN_SUSPICIOUS_MOVE = YES;
				CLANG_WARN_UNGUARDED_AVAILABILITY = YES_AGGRESSIVE;
				CLANG_WARN_UNREACHABLE_CODE = YES;
				CLANG_WARN__DUPLICATE_METHOD_MATCH = YES;
				COPY_PHASE_STRIP = NO;
				DEBUG_INFORMATION_FORMAT = "dwarf-with-dsym";
				ENABLE_NS_ASSERTIONS = NO;
				ENABLE_STRICT_OBJC_MSGSEND = YES;
				GCC_C_LANGUAGE_STANDARD = gnu11;
				GCC_NO_COMMON_BLOCKS = YES;
				GCC_WARN_64_TO_32_BIT_CONVERSION = YES;
				GCC_WARN_ABOUT_RETURN_TYPE = YES_ERROR;
				GCC_WARN_UNDECLARED_SELECTOR = YES;
				GCC_WARN_UNINITIALIZED_AUTOS = YES_AGGRESSIVE;
				GCC_WARN_UNUSED_FUNCTION = YES;
				GCC_WARN_UNUSED_VARIABLE = YES;
				IPHONEOS_DEPLOYMENT_TARGET = 16.2;
				MTL_ENABLE_DEBUG_INFO = NO;
				MTL_FAST_MATH = YES;
				SDKROOT = iphoneos;
				SWIFT_COMPILATION_MODE = wholemodule;
				SWIFT_OPTIMIZATION_LEVEL = "-O";
				VALIDATE_PRODUCT = YES;
			};
			name = Release;
		};
		A151B7C829D3DE2200E4BC16 /* Debug */ = {
			isa = XCBuildConfiguration;
			buildSettings = {
				ASSETCATALOG_COMPILER_APPICON_NAME = AppIcon;
				ASSETCATALOG_COMPILER_GLOBAL_ACCENT_COLOR_NAME = AccentColor;
				CODE_SIGN_STYLE = Automatic;
				CURRENT_PROJECT_VERSION = 1;
				DEVELOPMENT_ASSET_PATHS = "\"FinalProj/Preview Content\"";
				DEVELOPMENT_TEAM = D6FJ9U67RZ;
				ENABLE_PREVIEWS = YES;
				GENERATE_INFOPLIST_FILE = YES;
				INFOPLIST_KEY_CFBundleDisplayName = ProjectFinal;
				INFOPLIST_KEY_UIApplicationSceneManifest_Generation = YES;
				INFOPLIST_KEY_UIApplicationSupportsIndirectInputEvents = YES;
				INFOPLIST_KEY_UILaunchScreen_Generation = YES;
				INFOPLIST_KEY_UISupportedInterfaceOrientations_iPad = "UIInterfaceOrientationPortrait UIInterfaceOrientationPortraitUpsideDown UIInterfaceOrientationLandscapeLeft UIInterfaceOrientationLandscapeRight";
				INFOPLIST_KEY_UISupportedInterfaceOrientations_iPhone = "UIInterfaceOrientationPortrait UIInterfaceOrientationLandscapeLeft UIInterfaceOrientationLandscapeRight";
				LD_RUNPATH_SEARCH_PATHS = (
					"$(inherited)",
					"@executable_path/Frameworks",
				);
				MARKETING_VERSION = 1.0;
				PRODUCT_BUNDLE_IDENTIFIER = com.mitchjackson.FinalProj;
				PRODUCT_NAME = "$(TARGET_NAME)";
				SWIFT_EMIT_LOC_STRINGS = YES;
				SWIFT_VERSION = 5.0;
				TARGETED_DEVICE_FAMILY = "1,2";
			};
			name = Debug;
		};
		A151B7C929D3DE2200E4BC16 /* Release */ = {
			isa = XCBuildConfiguration;
			buildSettings = {
				ASSETCATALOG_COMPILER_APPICON_NAME = AppIcon;
				ASSETCATALOG_COMPILER_GLOBAL_ACCENT_COLOR_NAME = AccentColor;
				CODE_SIGN_STYLE = Automatic;
				CURRENT_PROJECT_VERSION = 1;
				DEVELOPMENT_ASSET_PATHS = "\"FinalProj/Preview Content\"";
				DEVELOPMENT_TEAM = D6FJ9U67RZ;
				ENABLE_PREVIEWS = YES;
				GENERATE_INFOPLIST_FILE = YES;
				INFOPLIST_KEY_CFBundleDisplayName = ProjectFinal;
				INFOPLIST_KEY_UIApplicationSceneManifest_Generation = YES;
				INFOPLIST_KEY_UIApplicationSupportsIndirectInputEvents = YES;
				INFOPLIST_KEY_UILaunchScreen_Generation = YES;
				INFOPLIST_KEY_UISupportedInterfaceOrientations_iPad = "UIInterfaceOrientationPortrait UIInterfaceOrientationPortraitUpsideDown UIInterfaceOrientationLandscapeLeft UIInterfaceOrientationLandscapeRight";
				INFOPLIST_KEY_UISupportedInterfaceOrientations_iPhone = "UIInterfaceOrientationPortrait UIInterfaceOrientationLandscapeLeft UIInterfaceOrientationLandscapeRight";
				LD_RUNPATH_SEARCH_PATHS = (
					"$(inherited)",
					"@executable_path/Frameworks",
				);
				MARKETING_VERSION = 1.0;
				PRODUCT_BUNDLE_IDENTIFIER = com.mitchjackson.FinalProj;
				PRODUCT_NAME = "$(TARGET_NAME)";
				SWIFT_EMIT_LOC_STRINGS = YES;
				SWIFT_VERSION = 5.0;
				TARGETED_DEVICE_FAMILY = "1,2";
			};
			name = Release;
		};
/* End XCBuildConfiguration section */

/* Begin XCConfigurationList section */
		A151B7B429D3DE2000E4BC16 /* Build configuration list for PBXProject "FinalProj" */ = {
			isa = XCConfigurationList;
			buildConfigurations = (
				A151B7C529D3DE2200E4BC16 /* Debug */,
				A151B7C629D3DE2200E4BC16 /* Release */,
			);
			defaultConfigurationIsVisible = 0;
			defaultConfigurationName = Release;
		};
		A151B7C729D3DE2200E4BC16 /* Build configuration list for PBXNativeTarget "FinalProj" */ = {
			isa = XCConfigurationList;
			buildConfigurations = (
				A151B7C829D3DE2200E4BC16 /* Debug */,
				A151B7C929D3DE2200E4BC16 /* Release */,
			);
			defaultConfigurationIsVisible = 0;
			defaultConfigurationName = Release;
		};
/* End XCConfigurationList section */

/* Begin XCRemoteSwiftPackageReference section */
		A16C70FC29D5410100732474 /* XCRemoteSwiftPackageReference "firebase-ios-sdk" */ = {
			isa = XCRemoteSwiftPackageReference;
			repositoryURL = "https://github.com/firebase/firebase-ios-sdk";
			requirement = {
				branch = master;
				kind = branch;
			};
		};
/* End XCRemoteSwiftPackageReference section */

/* Begin XCSwiftPackageProductDependency section */
		A16C70FD29D5410100732474 /* FirebaseAuth */ = {
			isa = XCSwiftPackageProductDependency;
			package = A16C70FC29D5410100732474 /* XCRemoteSwiftPackageReference "firebase-ios-sdk" */;
			productName = FirebaseAuth;
		};
		A16C70FF29D5410100732474 /* FirebaseFirestore */ = {
			isa = XCSwiftPackageProductDependency;
			package = A16C70FC29D5410100732474 /* XCRemoteSwiftPackageReference "firebase-ios-sdk" */;
			productName = FirebaseFirestore;
		};
/* End XCSwiftPackageProductDependency section */
	};
	rootObject = A151B7B129D3DE2000E4BC16 /* Project object */;
}
